
Microsoft Visual Studio Solution File, Format Version 12.00
# Visual Studio Version 16
VisualStudioVersion = 16.0.29123.88
MinimumVisualStudioVersion = 10.0.40219.1
Project("{FAE04EC0-301F-11D3-BF4B-00C04F79EFBC}") = "CMDB.FrontEnd", "CMDB.FrontEnd\CMDB.FrontEnd.csproj", "{60BF63EF-C7D8-4BCC-AE98-015D9CA7036B}"
EndProject
Project("{FAE04EC0-301F-11D3-BF4B-00C04F79EFBC}") = "CMDB.BackEnd", "CMDB.BackEnd\CMDB.BackEnd.csproj", "{272C443D-C2A1-4CEB-8EFC-4EC0DA7560BC}"
EndProject
Global
	GlobalSection(SolutionConfigurationPlatforms) = preSolution
		Debug|Any CPU = Debug|Any CPU
		Release|Any CPU = Release|Any CPU
	EndGlobalSection
	GlobalSection(ProjectConfigurationPlatforms) = postSolution
		{60BF63EF-C7D8-4BCC-AE98-015D9CA7036B}.Debug|Any CPU.ActiveCfg = Debug|Any CPU
		{60BF63EF-C7D8-4BCC-AE98-015D9CA7036B}.Debug|Any CPU.Build.0 = Debug|Any CPU
		{60BF63EF-C7D8-4BCC-AE98-015D9CA7036B}.Release|Any CPU.ActiveCfg = Release|Any CPU
		{60BF63EF-C7D8-4BCC-AE98-015D9CA7036B}.Release|Any CPU.Build.0 = Release|Any CPU
		{272C443D-C2A1-4CEB-8EFC-4EC0DA7560BC}.Debug|Any CPU.ActiveCfg = Debug|Any CPU
		{272C443D-C2A1-4CEB-8EFC-4EC0DA7560BC}.Debug|Any CPU.Build.0 = Debug|Any CPU
		{272C443D-C2A1-4CEB-8EFC-4EC0DA7560BC}.Release|Any CPU.ActiveCfg = Release|Any CPU
		{272C443D-C2A1-4CEB-8EFC-4EC0DA7560BC}.Release|Any CPU.Build.0 = Release|Any CPU
	EndGlobalSection
	GlobalSection(SolutionProperties) = preSolution
		HideSolutionNode = FALSE
	EndGlobalSection
	GlobalSection(ExtensibilityGlobals) = postSolution
		SolutionGuid = {674BEA2D-1E90-41BF-BDD4-779EDF880F3C}
	EndGlobalSection
EndGlobal
